
Microsoft Visual Studio Solution File, Format Version 12.00
# Visual Studio Version 17
VisualStudioVersion = 17.14.36616.10 d17.14
MinimumVisualStudioVersion = 10.0.40219.1
Project("{FAE04EC0-301F-11D3-BF4B-00C04F79EFBC}") = "FoodDeliveryApp", "FoodDeliveryApp\FoodDeliveryApp.csproj", "{695786A4-07C3-4EAC-9A37-F099FFE0ED9B}"
EndProject
Global
	GlobalSection(SolutionConfigurationPlatforms) = preSolution
		Debug|Any CPU = Debug|Any CPU
		Release|Any CPU = Release|Any CPU
	EndGlobalSection
	GlobalSection(ProjectConfigurationPlatforms) = postSolution
		{695786A4-07C3-4EAC-9A37-F099FFE0ED9B}.Debug|Any CPU.ActiveCfg = Debug|Any CPU
		{695786A4-07C3-4EAC-9A37-F099FFE0ED9B}.Debug|Any CPU.Build.0 = Debug|Any CPU
		{695786A4-07C3-4EAC-9A37-F099FFE0ED9B}.Release|Any CPU.ActiveCfg = Release|Any CPU
		{695786A4-07C3-4EAC-9A37-F099FFE0ED9B}.Release|Any CPU.Build.0 = Release|Any CPU
	EndGlobalSection
	GlobalSection(SolutionProperties) = preSolution
		HideSolutionNode = FALSE
	EndGlobalSection
	GlobalSection(ExtensibilityGlobals) = postSolution
		SolutionGuid = {15F38349-000C-41D6-9A2A-ADCD25C4BDB3}
	EndGlobalSection
EndGlobal
